
Microsoft Visual Studio Solution File, Format Version 12.00
# Visual Studio 15
VisualStudioVersion = 15.0.27428.2005
MinimumVisualStudioVersion = 10.0.40219.1
Project("{8BC9CEB8-8B4A-11D0-8D11-00A0C91BC942}") = "FindMaxEx", "FindMaxEx\FindMaxEx.vcxproj", "{AF7E2BF3-4029-4502-B7F2-3B057CAD256A}"
EndProject
Project("{8BC9CEB8-8B4A-11D0-8D11-00A0C91BC942}") = "FindMaxExTests", "FindMaxExTests\FindMaxExTests.vcxproj", "{5DA224AB-FEA1-4172-8733-C816A28BD50E}"
EndProject
Global
	GlobalSection(SolutionConfigurationPlatforms) = preSolution
		Debug|x64 = Debug|x64
		Debug|x86 = Debug|x86
		Release|x64 = Release|x64
		Release|x86 = Release|x86
	EndGlobalSection
	GlobalSection(ProjectConfigurationPlatforms) = postSolution
		{AF7E2BF3-4029-4502-B7F2-3B057CAD256A}.Debug|x64.ActiveCfg = Debug|x64
		{AF7E2BF3-4029-4502-B7F2-3B057CAD256A}.Debug|x64.Build.0 = Debug|x64
		{AF7E2BF3-4029-4502-B7F2-3B057CAD256A}.Debug|x86.ActiveCfg = Debug|Win32
		{AF7E2BF3-4029-4502-B7F2-3B057CAD256A}.Debug|x86.Build.0 = Debug|Win32
		{AF7E2BF3-4029-4502-B7F2-3B057CAD256A}.Release|x64.ActiveCfg = Release|x64
		{AF7E2BF3-4029-4502-B7F2-3B057CAD256A}.Release|x64.Build.0 = Release|x64
		{AF7E2BF3-4029-4502-B7F2-3B057CAD256A}.Release|x86.ActiveCfg = Release|Win32
		{AF7E2BF3-4029-4502-B7F2-3B057CAD256A}.Release|x86.Build.0 = Release|Win32
		{5DA224AB-FEA1-4172-8733-C816A28BD50E}.Debug|x64.ActiveCfg = Debug|x64
		{5DA224AB-FEA1-4172-8733-C816A28BD50E}.Debug|x64.Build.0 = Debug|x64
		{5DA224AB-FEA1-4172-8733-C816A28BD50E}.Debug|x86.ActiveCfg = Debug|Win32
		{5DA224AB-FEA1-4172-8733-C816A28BD50E}.Debug|x86.Build.0 = Debug|Win32
		{5DA224AB-FEA1-4172-8733-C816A28BD50E}.Release|x64.ActiveCfg = Release|x64
		{5DA224AB-FEA1-4172-8733-C816A28BD50E}.Release|x64.Build.0 = Release|x64
		{5DA224AB-FEA1-4172-8733-C816A28BD50E}.Release|x86.ActiveCfg = Release|Win32
		{5DA224AB-FEA1-4172-8733-C816A28BD50E}.Release|x86.Build.0 = Release|Win32
	EndGlobalSection
	GlobalSection(SolutionProperties) = preSolution
		HideSolutionNode = FALSE
	EndGlobalSection
	GlobalSection(ExtensibilityGlobals) = postSolution
		SolutionGuid = {43A25C93-8956-4C79-8958-B65A9E384D70}
	EndGlobalSection
EndGlobal
